
Microsoft Visual Studio Solution File, Format Version 12.00
# Visual Studio 14
VisualStudioVersion = 14.0.25420.1
MinimumVisualStudioVersion = 10.0.40219.1
Project("{159641D6-6404-4A2A-AE62-294DE0FE8301}") = "Real_time_warehouse", "Real_time_warehouse\Real_time_warehouse.dtproj", "{E317E0EF-01BD-40AF-A381-766CD5467F89}"
EndProject
Global
	GlobalSection(SolutionConfigurationPlatforms) = preSolution
		Development|Default = Development|Default
	EndGlobalSection
	GlobalSection(ProjectConfigurationPlatforms) = postSolution
		{E317E0EF-01BD-40AF-A381-766CD5467F89}.Development|Default.ActiveCfg = Development
		{E317E0EF-01BD-40AF-A381-766CD5467F89}.Development|Default.Build.0 = Development
	EndGlobalSection
	GlobalSection(SolutionProperties) = preSolution
		HideSolutionNode = FALSE
	EndGlobalSection
EndGlobal
